{
    "_readme": [
        "This file locks the dependencies of your project to a known state",
        "Read more about it at https://getcomposer.org/doc/01-basic-usage.md#installing-dependencies",
        "This file is @generated automatically"
    ],
    "content-hash": "f13f03cbe1405b1a85c465255c858af5",
    "packages": [
        {
            "name": "theseer/css2xpath",
            "version": "2.0.0",
            "source": {
                "type": "git",
                "url": "https://github.com/theseer/css2xpath.git",
                "reference": "ffa0225ced4530e423aa2a3c89faae68ee93270f"
            },
            "dist": {
                "type": "zip",
                "url": "https://api.github.com/repos/theseer/css2xpath/zipball/ffa0225ced4530e423aa2a3c89faae68ee93270f",
                "reference": "ffa0225ced4530e423aa2a3c89faae68ee93270f",
                "shasum": ""
            },
            "require": {
                "php": "^7.2|^8.0"
            },
            "type": "library",
            "autoload": {
                "classmap": [
                    "src/"
                ]
            },
            "notification-url": "https://packagist.org/downloads/",
            "license": [
                "BSD-3-Clause"
            ],
            "authors": [
                {
                    "name": "Arne Blankerts",
                    "role": "Developer",
                    "email": "arne@blankerts.de"
                }
            ],
            "description": "PHP Library to translate CSS selectors into XPath",
            "time": "2019-08-28T04:35:56+00:00"
        }
    ],
    "packages-dev": [],
    "aliases": [],
    "minimum-stability": "stable",
    "stability-flags": [],
    "prefer-stable": true,
    "prefer-lowest": false,
    "platform": {
        "php": "^7.2",
        "ext-dom": "*",
        "ext-libxml": "*"
    },
    "platform-dev": []
}
